
Microsoft Visual Studio Solution File, Format Version 12.00
# Visual Studio Version 16
VisualStudioVersion = 16.0.31702.278
MinimumVisualStudioVersion = 10.0.40219.1
Project("{FAE04EC0-301F-11D3-BF4B-00C04F79EFBC}") = "PictureViewe", "PictureViewe\PictureViewe.csproj", "{A8DB9E78-5972-4F7D-B129-7258A85C10A3}"
EndProject
Global
	GlobalSection(SolutionConfigurationPlatforms) = preSolution
		Debug|Any CPU = Debug|Any CPU
		Release|Any CPU = Release|Any CPU
	EndGlobalSection
	GlobalSection(ProjectConfigurationPlatforms) = postSolution
		{A8DB9E78-5972-4F7D-B129-7258A85C10A3}.Debug|Any CPU.ActiveCfg = Debug|Any CPU
		{A8DB9E78-5972-4F7D-B129-7258A85C10A3}.Debug|Any CPU.Build.0 = Debug|Any CPU
		{A8DB9E78-5972-4F7D-B129-7258A85C10A3}.Release|Any CPU.ActiveCfg = Release|Any CPU
		{A8DB9E78-5972-4F7D-B129-7258A85C10A3}.Release|Any CPU.Build.0 = Release|Any CPU
	EndGlobalSection
	GlobalSection(SolutionProperties) = preSolution
		HideSolutionNode = FALSE
	EndGlobalSection
	GlobalSection(ExtensibilityGlobals) = postSolution
		SolutionGuid = {E1F37125-956E-40EA-B57B-5E760C41C496}
	EndGlobalSection
EndGlobal
